
Microsoft Visual Studio Solution File, Format Version 12.00
# Visual Studio Version 17
VisualStudioVersion = 17.2.32630.192
MinimumVisualStudioVersion = 10.0.40219.1
Project("{FAE04EC0-301F-11D3-BF4B-00C04F79EFBC}") = "Calculator.Android", "Calculator\Calculator.Android\Calculator.Android.csproj", "{A3FF784A-95C5-4E52-8E71-335A7B970547}"
EndProject
Project("{FAE04EC0-301F-11D3-BF4B-00C04F79EFBC}") = "Calculator.iOS", "Calculator\Calculator.iOS\Calculator.iOS.csproj", "{6BBEDC9F-FC17-4CC1-A7C5-3AD7B9D7F944}"
EndProject
Project("{FAE04EC0-301F-11D3-BF4B-00C04F79EFBC}") = "Calculator", "Calculator\Calculator\Calculator.csproj", "{98FD4E0F-D649-4C86-97DC-AD3839B8E4E0}"
EndProject
Global
	GlobalSection(SolutionConfigurationPlatforms) = preSolution
		Debug|Any CPU = Debug|Any CPU
		Debug|iPhone = Debug|iPhone
		Debug|iPhoneSimulator = Debug|iPhoneSimulator
		Release|Any CPU = Release|Any CPU
		Release|iPhone = Release|iPhone
		Release|iPhoneSimulator = Release|iPhoneSimulator
	EndGlobalSection
	GlobalSection(ProjectConfigurationPlatforms) = postSolution
		{A3FF784A-95C5-4E52-8E71-335A7B970547}.Debug|Any CPU.ActiveCfg = Debug|Any CPU
		{A3FF784A-95C5-4E52-8E71-335A7B970547}.Debug|Any CPU.Build.0 = Debug|Any CPU
		{A3FF784A-95C5-4E52-8E71-335A7B970547}.Debug|Any CPU.Deploy.0 = Debug|Any CPU
		{A3FF784A-95C5-4E52-8E71-335A7B970547}.Debug|iPhone.ActiveCfg = Debug|Any CPU
		{A3FF784A-95C5-4E52-8E71-335A7B970547}.Debug|iPhone.Build.0 = Debug|Any CPU
		{A3FF784A-95C5-4E52-8E71-335A7B970547}.Debug|iPhone.Deploy.0 = Debug|Any CPU
		{A3FF784A-95C5-4E52-8E71-335A7B970547}.Debug|iPhoneSimulator.ActiveCfg = Debug|Any CPU
		{A3FF784A-95C5-4E52-8E71-335A7B970547}.Debug|iPhoneSimulator.Build.0 = Debug|Any CPU
		{A3FF784A-95C5-4E52-8E71-335A7B970547}.Debug|iPhoneSimulator.Deploy.0 = Debug|Any CPU
		{A3FF784A-95C5-4E52-8E71-335A7B970547}.Release|Any CPU.ActiveCfg = Release|Any CPU
		{A3FF784A-95C5-4E52-8E71-335A7B970547}.Release|Any CPU.Build.0 = Release|Any CPU
		{A3FF784A-95C5-4E52-8E71-335A7B970547}.Release|Any CPU.Deploy.0 = Release|Any CPU
		{A3FF784A-95C5-4E52-8E71-335A7B970547}.Release|iPhone.ActiveCfg = Release|Any CPU
		{A3FF784A-95C5-4E52-8E71-335A7B970547}.Release|iPhone.Build.0 = Release|Any CPU
		{A3FF784A-95C5-4E52-8E71-335A7B970547}.Release|iPhone.Deploy.0 = Release|Any CPU
		{A3FF784A-95C5-4E52-8E71-335A7B970547}.Release|iPhoneSimulator.ActiveCfg = Release|Any CPU
		{A3FF784A-95C5-4E52-8E71-335A7B970547}.Release|iPhoneSimulator.Build.0 = Release|Any CPU
		{A3FF784A-95C5-4E52-8E71-335A7B970547}.Release|iPhoneSimulator.Deploy.0 = Release|Any CPU
		{6BBEDC9F-FC17-4CC1-A7C5-3AD7B9D7F944}.Debug|Any CPU.ActiveCfg = Debug|iPhone
		{6BBEDC9F-FC17-4CC1-A7C5-3AD7B9D7F944}.Debug|Any CPU.Build.0 = Debug|iPhone
		{6BBEDC9F-FC17-4CC1-A7C5-3AD7B9D7F944}.Debug|Any CPU.Deploy.0 = Debug|iPhone
		{6BBEDC9F-FC17-4CC1-A7C5-3AD7B9D7F944}.Debug|iPhone.ActiveCfg = Debug|iPhone
		{6BBEDC9F-FC17-4CC1-A7C5-3AD7B9D7F944}.Debug|iPhone.Build.0 = Debug|iPhone
		{6BBEDC9F-FC17-4CC1-A7C5-3AD7B9D7F944}.Debug|iPhone.Deploy.0 = Debug|iPhone
		{6BBEDC9F-FC17-4CC1-A7C5-3AD7B9D7F944}.Debug|iPhoneSimulator.ActiveCfg = Debug|iPhoneSimulator
		{6BBEDC9F-FC17-4CC1-A7C5-3AD7B9D7F944}.Debug|iPhoneSimulator.Build.0 = Debug|iPhoneSimulator
		{6BBEDC9F-FC17-4CC1-A7C5-3AD7B9D7F944}.Debug|iPhoneSimulator.Deploy.0 = Debug|iPhoneSimulator
		{6BBEDC9F-FC17-4CC1-A7C5-3AD7B9D7F944}.Release|Any CPU.ActiveCfg = Release|iPhoneSimulator
		{6BBEDC9F-FC17-4CC1-A7C5-3AD7B9D7F944}.Release|Any CPU.Build.0 = Release|iPhoneSimulator
		{6BBEDC9F-FC17-4CC1-A7C5-3AD7B9D7F944}.Release|Any CPU.Deploy.0 = Release|iPhoneSimulator
		{6BBEDC9F-FC17-4CC1-A7C5-3AD7B9D7F944}.Release|iPhone.ActiveCfg = Release|iPhone
		{6BBEDC9F-FC17-4CC1-A7C5-3AD7B9D7F944}.Release|iPhone.Build.0 = Release|iPhone
		{6BBEDC9F-FC17-4CC1-A7C5-3AD7B9D7F944}.Release|iPhone.Deploy.0 = Release|iPhone
		{6BBEDC9F-FC17-4CC1-A7C5-3AD7B9D7F944}.Release|iPhoneSimulator.ActiveCfg = Release|iPhoneSimulator
		{6BBEDC9F-FC17-4CC1-A7C5-3AD7B9D7F944}.Release|iPhoneSimulator.Build.0 = Release|iPhoneSimulator
		{6BBEDC9F-FC17-4CC1-A7C5-3AD7B9D7F944}.Release|iPhoneSimulator.Deploy.0 = Release|iPhoneSimulator
		{98FD4E0F-D649-4C86-97DC-AD3839B8E4E0}.Debug|Any CPU.ActiveCfg = Debug|Any CPU
		{98FD4E0F-D649-4C86-97DC-AD3839B8E4E0}.Debug|Any CPU.Build.0 = Debug|Any CPU
		{98FD4E0F-D649-4C86-97DC-AD3839B8E4E0}.Debug|Any CPU.Deploy.0 = Debug|Any CPU
		{98FD4E0F-D649-4C86-97DC-AD3839B8E4E0}.Debug|iPhone.ActiveCfg = Debug|Any CPU
		{98FD4E0F-D649-4C86-97DC-AD3839B8E4E0}.Debug|iPhone.Build.0 = Debug|Any CPU
		{98FD4E0F-D649-4C86-97DC-AD3839B8E4E0}.Debug|iPhone.Deploy.0 = Debug|Any CPU
		{98FD4E0F-D649-4C86-97DC-AD3839B8E4E0}.Debug|iPhoneSimulator.ActiveCfg = Debug|Any CPU
		{98FD4E0F-D649-4C86-97DC-AD3839B8E4E0}.Debug|iPhoneSimulator.Build.0 = Debug|Any CPU
		{98FD4E0F-D649-4C86-97DC-AD3839B8E4E0}.Debug|iPhoneSimulator.Deploy.0 = Debug|Any CPU
		{98FD4E0F-D649-4C86-97DC-AD3839B8E4E0}.Release|Any CPU.ActiveCfg = Release|Any CPU
		{98FD4E0F-D649-4C86-97DC-AD3839B8E4E0}.Release|Any CPU.Build.0 = Release|Any CPU
		{98FD4E0F-D649-4C86-97DC-AD3839B8E4E0}.Release|Any CPU.Deploy.0 = Release|Any CPU
		{98FD4E0F-D649-4C86-97DC-AD3839B8E4E0}.Release|iPhone.ActiveCfg = Release|Any CPU
		{98FD4E0F-D649-4C86-97DC-AD3839B8E4E0}.Release|iPhone.Build.0 = Release|Any CPU
		{98FD4E0F-D649-4C86-97DC-AD3839B8E4E0}.Release|iPhone.Deploy.0 = Release|Any CPU
		{98FD4E0F-D649-4C86-97DC-AD3839B8E4E0}.Release|iPhoneSimulator.ActiveCfg = Release|Any CPU
		{98FD4E0F-D649-4C86-97DC-AD3839B8E4E0}.Release|iPhoneSimulator.Build.0 = Release|Any CPU
		{98FD4E0F-D649-4C86-97DC-AD3839B8E4E0}.Release|iPhoneSimulator.Deploy.0 = Release|Any CPU
	EndGlobalSection
	GlobalSection(SolutionProperties) = preSolution
		HideSolutionNode = FALSE
	EndGlobalSection
	GlobalSection(ExtensibilityGlobals) = postSolution
		SolutionGuid = {B1026E80-6106-473F-9BD5-6CE0062ED701}
	EndGlobalSection
EndGlobal
